{
  "version": 4,
  "terraform_version": "1.14.3",
  "serial": 1,
  "lineage": "6cde05a5-6189-3711-8103-471dc4d8da3b",
  "outputs": {},
  "resources": [
    {
      "mode": "managed",
      "type": "github_branch",
      "name": "development",
      "provider": "provider[\"registry.terraform.io/integrations/github\"]",
      "instances": [
        {
          "schema_version": 0,
          "attributes": {
            "branch": "SDKs",
            "etag": "W/\"8320a0b3f11e27d2ab7f13273b23ff191918e74d65c24f2642cf4ab5dab86430\"",
            "id": "GH-Basics:SDKs",
            "ref": "refs/heads/SDKs",
            "repository": "GH-Basics",
            "sha": "02a0f89938d417dd129fda1e31f57ad1312d6c47",
            "source_branch": "main",
            "source_sha": "02a0f89938d417dd129fda1e31f57ad1312d6c47"
          },
          "sensitive_attributes": [],
          "identity_schema_version": 0,
          "private": "bnVsbA=="
        }
      ]
    }
  ],
  "check_results": null
}
